
Microsoft Visual Studio Solution File, Format Version 12.00
# Visual Studio Version 16
VisualStudioVersion = 16.0.30804.86
MinimumVisualStudioVersion = 10.0.40219.1
Project("{2150E333-8FDC-42A3-9474-1A3956D46DE8}") = "src", "src", "{365B2AE3-B258-45DF-8210-8AF6538C764D}"
EndProject
Project("{2150E333-8FDC-42A3-9474-1A3956D46DE8}") = "test", "test", "{BFB7EA7E-177B-4224-B1F1-1A78D7916DB3}"
EndProject
Project("{2150E333-8FDC-42A3-9474-1A3956D46DE8}") = "bench", "bench", "{10C10497-529B-4F44-BB70-E5B03738454E}"
EndProject
Project("{9A19103F-16F7-4668-BE54-9A1E7A4F7556}") = "WordSearch", "src\WordSearch\WordSearch.csproj", "{DFFB843C-6155-44A9-A5D7-651AAB6879A6}"
EndProject
Project("{9A19103F-16F7-4668-BE54-9A1E7A4F7556}") = "WordSearch.Tests", "test\WordSearch.Tests\WordSearch.Tests.csproj", "{7699C09B-6283-4CB5-A4BA-FF81DAB427D6}"
EndProject
Project("{9A19103F-16F7-4668-BE54-9A1E7A4F7556}") = "WordSearch.Benchmark", "bench\WordSearch.Benchmark\WordSearch.Benchmark.csproj", "{CD61E77A-C6AC-49AE-B93C-D70BD9CEF17A}"
EndProject
Project("{FAE04EC0-301F-11D3-BF4B-00C04F79EFBC}") = "WordSearch.Sample", "src\WordSearch.Sample\WordSearch.Sample.csproj", "{8D897FA3-86DD-4D4B-BAF8-9A6C0A386127}"
EndProject
Global
	GlobalSection(SolutionConfigurationPlatforms) = preSolution
		Debug|Any CPU = Debug|Any CPU
		Release|Any CPU = Release|Any CPU
	EndGlobalSection
	GlobalSection(ProjectConfigurationPlatforms) = postSolution
		{DFFB843C-6155-44A9-A5D7-651AAB6879A6}.Debug|Any CPU.ActiveCfg = Debug|Any CPU
		{DFFB843C-6155-44A9-A5D7-651AAB6879A6}.Debug|Any CPU.Build.0 = Debug|Any CPU
		{DFFB843C-6155-44A9-A5D7-651AAB6879A6}.Release|Any CPU.ActiveCfg = Release|Any CPU
		{DFFB843C-6155-44A9-A5D7-651AAB6879A6}.Release|Any CPU.Build.0 = Release|Any CPU
		{7699C09B-6283-4CB5-A4BA-FF81DAB427D6}.Debug|Any CPU.ActiveCfg = Debug|Any CPU
		{7699C09B-6283-4CB5-A4BA-FF81DAB427D6}.Debug|Any CPU.Build.0 = Debug|Any CPU
		{7699C09B-6283-4CB5-A4BA-FF81DAB427D6}.Release|Any CPU.ActiveCfg = Release|Any CPU
		{7699C09B-6283-4CB5-A4BA-FF81DAB427D6}.Release|Any CPU.Build.0 = Release|Any CPU
		{CD61E77A-C6AC-49AE-B93C-D70BD9CEF17A}.Debug|Any CPU.ActiveCfg = Debug|Any CPU
		{CD61E77A-C6AC-49AE-B93C-D70BD9CEF17A}.Debug|Any CPU.Build.0 = Debug|Any CPU
		{CD61E77A-C6AC-49AE-B93C-D70BD9CEF17A}.Release|Any CPU.ActiveCfg = Release|Any CPU
		{CD61E77A-C6AC-49AE-B93C-D70BD9CEF17A}.Release|Any CPU.Build.0 = Release|Any CPU
		{8D897FA3-86DD-4D4B-BAF8-9A6C0A386127}.Debug|Any CPU.ActiveCfg = Debug|Any CPU
		{8D897FA3-86DD-4D4B-BAF8-9A6C0A386127}.Debug|Any CPU.Build.0 = Debug|Any CPU
		{8D897FA3-86DD-4D4B-BAF8-9A6C0A386127}.Release|Any CPU.ActiveCfg = Release|Any CPU
		{8D897FA3-86DD-4D4B-BAF8-9A6C0A386127}.Release|Any CPU.Build.0 = Release|Any CPU
	EndGlobalSection
	GlobalSection(SolutionProperties) = preSolution
		HideSolutionNode = FALSE
	EndGlobalSection
	GlobalSection(NestedProjects) = preSolution
		{DFFB843C-6155-44A9-A5D7-651AAB6879A6} = {365B2AE3-B258-45DF-8210-8AF6538C764D}
		{7699C09B-6283-4CB5-A4BA-FF81DAB427D6} = {BFB7EA7E-177B-4224-B1F1-1A78D7916DB3}
		{CD61E77A-C6AC-49AE-B93C-D70BD9CEF17A} = {10C10497-529B-4F44-BB70-E5B03738454E}
		{8D897FA3-86DD-4D4B-BAF8-9A6C0A386127} = {365B2AE3-B258-45DF-8210-8AF6538C764D}
	EndGlobalSection
	GlobalSection(ExtensibilityGlobals) = postSolution
		SolutionGuid = {EC25831C-999C-4C6A-8F5B-FEA43713BF6E}
	EndGlobalSection
EndGlobal
